
Microsoft Visual Studio Solution File, Format Version 12.00
# Visual Studio Version 16
VisualStudioVersion = 16.0.33927.289
MinimumVisualStudioVersion = 10.0.40219.1
Project("{9A19103F-16F7-4668-BE54-9A1E7A4F7556}") = "TestSoftDebut5", "TestSoftDebut4\TestSoftDebut5.csproj", "{FC1C6FA1-5CD0-440B-947D-A5E6380A710E}"
EndProject
Global
	GlobalSection(SolutionConfigurationPlatforms) = preSolution
		Debug|Any CPU = Debug|Any CPU
		Release|Any CPU = Release|Any CPU
	EndGlobalSection
	GlobalSection(ProjectConfigurationPlatforms) = postSolution
		{FC1C6FA1-5CD0-440B-947D-A5E6380A710E}.Debug|Any CPU.ActiveCfg = Debug|Any CPU
		{FC1C6FA1-5CD0-440B-947D-A5E6380A710E}.Debug|Any CPU.Build.0 = Debug|Any CPU
		{FC1C6FA1-5CD0-440B-947D-A5E6380A710E}.Release|Any CPU.ActiveCfg = Release|Any CPU
		{FC1C6FA1-5CD0-440B-947D-A5E6380A710E}.Release|Any CPU.Build.0 = Release|Any CPU
	EndGlobalSection
	GlobalSection(SolutionProperties) = preSolution
		HideSolutionNode = FALSE
	EndGlobalSection
	GlobalSection(ExtensibilityGlobals) = postSolution
		SolutionGuid = {33113A32-DE18-403A-9455-773455865CC8}
	EndGlobalSection
EndGlobal
